
Microsoft Visual Studio Solution File, Format Version 12.00
# Visual Studio Version 17
VisualStudioVersion = 17.11.34929.205
MinimumVisualStudioVersion = 10.0.40219.1
Project("{9A19103F-16F7-4668-BE54-9A1E7A4F7556}") = "BlazingServers", "BlazingServers\BlazingServers.csproj", "{1FA6A6AE-AA5E-4331-8650-9767581B6693}"
EndProject
Global
	GlobalSection(SolutionConfigurationPlatforms) = preSolution
		Debug|Any CPU = Debug|Any CPU
		Release|Any CPU = Release|Any CPU
	EndGlobalSection
	GlobalSection(ProjectConfigurationPlatforms) = postSolution
		{1FA6A6AE-AA5E-4331-8650-9767581B6693}.Debug|Any CPU.ActiveCfg = Debug|Any CPU
		{1FA6A6AE-AA5E-4331-8650-9767581B6693}.Debug|Any CPU.Build.0 = Debug|Any CPU
		{1FA6A6AE-AA5E-4331-8650-9767581B6693}.Release|Any CPU.ActiveCfg = Release|Any CPU
		{1FA6A6AE-AA5E-4331-8650-9767581B6693}.Release|Any CPU.Build.0 = Release|Any CPU
	EndGlobalSection
	GlobalSection(SolutionProperties) = preSolution
		HideSolutionNode = FALSE
	EndGlobalSection
	GlobalSection(ExtensibilityGlobals) = postSolution
		SolutionGuid = {DA69AEEB-A73E-4483-BAAF-D4A5F4E73F2F}
	EndGlobalSection
EndGlobal
